{
  "version": "1.0.0",
  "lockfileVersion": 1,
  "requires": true,
  "dependencies": {
    "axios": {
      "version": "0.12.0",
      "resolved": "https://registry.npmjs.org/axios/-/axios-0.12.0.tgz",
      "integrity": "sha1-uQewIhzDTsHJ+sGOx/B935V4W6Q=",
      "requires": {
        "follow-redirects": "0.0.7"
      }
    },
    "base-64": {
      "version": "0.1.0",
      "resolved": "https://registry.npmjs.org/base-64/-/base-64-0.1.0.tgz",
      "integrity": "sha1-eAqZyE59YAJgNhURxId2E78k9rs="
    },
    "debug": {
      "version": "2.6.9",
      "resolved": "https://registry.npmjs.org/debug/-/debug-2.6.9.tgz",
      "integrity": "sha512-bC7ElrdJaJnPbAP+1EotYvqZsb3ecl5wi6Bfi6BJTUcNowp6cvspg0jXznRTKDjm/E7AdgFBVeAPVMNcKGsHMA==",
      "requires": {
        "ms": "2.0.0"
      }
    },
    "deepmerge": {
      "version": "1.5.2",
      "resolved": "https://registry.npmjs.org/deepmerge/-/deepmerge-1.5.2.tgz",
      "integrity": "sha512-95k0GDqvBjZavkuvzx/YqVLv/6YYa17fz6ILMSf7neqQITCPbnfEnQvEgMPNjH4kgobe7+WIL0yJEHku+H3qtQ=="
    },
    "es6-promise": {
      "version": "3.3.1",
      "resolved": "https://registry.npmjs.org/es6-promise/-/es6-promise-3.3.1.tgz",
      "integrity": "sha1-oIzd6EzNvzTQJ6FFG8kdS80ophM="
    },
    "es6-promise-promise": {
      "version": "1.0.0",
      "resolved": "https://registry.npmjs.org/es6-promise-promise/-/es6-promise-promise-1.0.0.tgz",
      "integrity": "sha1-OpHyNf3SsIxEkrVzTf0fQXKJuZQ=",
      "requires": {
        "es6-promise": "^3.2.1"
      }
    },
    "follow-redirects": {
      "version": "0.0.7",
      "resolved": "https://registry.npmjs.org/follow-redirects/-/follow-redirects-0.0.7.tgz",
      "integrity": "sha1-NLkLqyqRGqNHVx2pDyK9NuzYqRk=",
      "requires": {
        "debug": "^2.2.0",
        "stream-consume": "^0.1.0"
      }
    },
    "humps": {
      "version": "0.7.0",
      "resolved": "https://registry.npmjs.org/humps/-/humps-0.7.0.tgz",
      "integrity": "sha1-SZd6Xis2YlJGzzj/3iOpDkU9URc="
    },
    "ms": {
      "version": "2.0.0",
      "resolved": "https://registry.npmjs.org/ms/-/ms-2.0.0.tgz",
      "integrity": "sha1-VgiurfwAvmwpAd9fmGF4jeDVl8g="
    },
    "stream-consume": {
      "version": "0.1.1",
      "resolved": "https://registry.npmjs.org/stream-consume/-/stream-consume-0.1.1.tgz",
      "integrity": "sha512-tNa3hzgkjEP7XbCkbRXe1jpg+ievoa0O4SCFlMOYEscGSS4JJsckGL8swUyAa/ApGU3Ae4t6Honor4HhL+tRyg=="
    },
    "timekit-sdk": {
      "version": "1.18.1",
      "resolved": "https://registry.npmjs.org/timekit-sdk/-/timekit-sdk-1.18.1.tgz",
      "integrity": "sha512-j9z+LsereN/7XvqknIY+Fd0hVL+7d/0w369727mmilRkAYW09gF0ZNI4WopT/SRWlonREnucaXC0v8A6nQkzsQ==",
      "requires": {
        "axios": "^0.12.0",
        "base-64": "^0.1.0",
        "deepmerge": "^1.5.2",
        "es6-promise-promise": "^1.0.0",
        "humps": "^0.7.0"
      }
    }
  }
}
